
Microsoft Visual Studio Solution File, Format Version 12.00
# Visual Studio 2012
Project("{FAE04EC0-301F-11D3-BF4B-00C04F79EFBC}") = "ChessFramework", "ChessFramework\ChessFramework.csproj", "{0D13CA49-A9FF-488C-9A95-2104A864A477}"
EndProject
Project("{FAE04EC0-301F-11D3-BF4B-00C04F79EFBC}") = "ChessFramework.Specs", "ChessFramework.Specs\ChessFramework.Specs.csproj", "{526BB1FC-2971-4295-AE70-486C794F716F}"
EndProject
Project("{2150E333-8FDC-42A3-9474-1A3956D46DE8}") = ".nuget", ".nuget", "{DC97A72E-49D1-4CF9-ADBC-266905D80472}"
	ProjectSection(SolutionItems) = preProject
		.nuget\NuGet.Config = .nuget\NuGet.Config
		.nuget\NuGet.exe = .nuget\NuGet.exe
		.nuget\NuGet.targets = .nuget\NuGet.targets
	EndProjectSection
EndProject
Global
	GlobalSection(SolutionConfigurationPlatforms) = preSolution
		Debug|Any CPU = Debug|Any CPU
		Release|Any CPU = Release|Any CPU
	EndGlobalSection
	GlobalSection(ProjectConfigurationPlatforms) = postSolution
		{0D13CA49-A9FF-488C-9A95-2104A864A477}.Debug|Any CPU.ActiveCfg = Debug|Any CPU
		{0D13CA49-A9FF-488C-9A95-2104A864A477}.Debug|Any CPU.Build.0 = Debug|Any CPU
		{0D13CA49-A9FF-488C-9A95-2104A864A477}.Release|Any CPU.ActiveCfg = Release|Any CPU
		{0D13CA49-A9FF-488C-9A95-2104A864A477}.Release|Any CPU.Build.0 = Release|Any CPU
		{526BB1FC-2971-4295-AE70-486C794F716F}.Debug|Any CPU.ActiveCfg = Debug|Any CPU
		{526BB1FC-2971-4295-AE70-486C794F716F}.Debug|Any CPU.Build.0 = Debug|Any CPU
		{526BB1FC-2971-4295-AE70-486C794F716F}.Release|Any CPU.ActiveCfg = Release|Any CPU
		{526BB1FC-2971-4295-AE70-486C794F716F}.Release|Any CPU.Build.0 = Release|Any CPU
	EndGlobalSection
	GlobalSection(SolutionProperties) = preSolution
		HideSolutionNode = FALSE
	EndGlobalSection
EndGlobal
